
Microsoft Visual Studio Solution File, Format Version 12.00
Project("{2150E333-8FDC-42A3-9474-1A3956D46DE8}") = "src", "src", "{C6B22923-2D13-4000-A97B-D48A55CC57B3}"
EndProject
Project("{FAE04EC0-301F-11D3-BF4B-00C04F79EFBC}") = "NttApp.Api", "src\NttApp.Api\NttApp.Api.csproj", "{EE1BC4CA-7FB4-4BD9-AA3D-86EFBD72461D}"
EndProject
Project("{FAE04EC0-301F-11D3-BF4B-00C04F79EFBC}") = "NttApp.Domain", "src\NttApp.Domain\NttApp.Domain.csproj", "{150ABDF7-96C4-4445-98A0-118071136801}"
EndProject
Project("{FAE04EC0-301F-11D3-BF4B-00C04F79EFBC}") = "NttApp.InMemoryDb", "src\NttApp.InMemoryDb\NttApp.InMemoryDb.csproj", "{BB9A614A-166F-4C47-861A-E1B10DD3E0AD}"
EndProject
Project("{2150E333-8FDC-42A3-9474-1A3956D46DE8}") = "tests", "tests", "{7298DB66-56B0-42A0-88F8-7001A68E0B0A}"
EndProject
Project("{FAE04EC0-301F-11D3-BF4B-00C04F79EFBC}") = "NttApp.Api.Tests", "tests\NttApp.Api.Tests\NttApp.Api.Tests.csproj", "{88964552-1098-447D-80D8-BD52244F72F4}"
EndProject
Project("{2150E333-8FDC-42A3-9474-1A3956D46DE8}") = "Solution Items", "Solution Items", "{B1D4D371-E3BB-4B68-91C7-75C2A8FCC9C9}"
	ProjectSection(SolutionItems) = preProject
		compose.yaml = compose.yaml
	EndProjectSection
EndProject
Project("{2150E333-8FDC-42A3-9474-1A3956D46DE8}") = "docker", "docker", "{5D94F551-09C9-4049-80FF-83EAD9E3F170}"
EndProject
Project("{FAE04EC0-301F-11D3-BF4B-00C04F79EFBC}") = "NttApp.Postgres", "src\NttApp.Postgres\NttApp.Postgres.csproj", "{5DADD07B-5DD7-414C-9B1B-D316B56E4A6B}"
EndProject
Project("{FAE04EC0-301F-11D3-BF4B-00C04F79EFBC}") = "NttApp.DbMigrator", "src\NttApp.DbMigrator\NttApp.DbMigrator.csproj", "{31AE2C65-15E8-4436-BEF4-37D109AFA327}"
EndProject
Project("{FAE04EC0-301F-11D3-BF4B-00C04F79EFBC}") = "NttApp.OpenTelemetry", "src\NttApp.Opentelemetry\NttApp.OpenTelemetry.csproj", "{93F2C49C-F2C2-4CB3-AD21-7D1919CE2F5A}"
EndProject
Global
	GlobalSection(SolutionConfigurationPlatforms) = preSolution
		Debug|Any CPU = Debug|Any CPU
		Release|Any CPU = Release|Any CPU
	EndGlobalSection
	GlobalSection(ProjectConfigurationPlatforms) = postSolution
		{EE1BC4CA-7FB4-4BD9-AA3D-86EFBD72461D}.Debug|Any CPU.ActiveCfg = Debug|Any CPU
		{EE1BC4CA-7FB4-4BD9-AA3D-86EFBD72461D}.Debug|Any CPU.Build.0 = Debug|Any CPU
		{EE1BC4CA-7FB4-4BD9-AA3D-86EFBD72461D}.Release|Any CPU.ActiveCfg = Release|Any CPU
		{EE1BC4CA-7FB4-4BD9-AA3D-86EFBD72461D}.Release|Any CPU.Build.0 = Release|Any CPU
		{150ABDF7-96C4-4445-98A0-118071136801}.Debug|Any CPU.ActiveCfg = Debug|Any CPU
		{150ABDF7-96C4-4445-98A0-118071136801}.Debug|Any CPU.Build.0 = Debug|Any CPU
		{150ABDF7-96C4-4445-98A0-118071136801}.Release|Any CPU.ActiveCfg = Release|Any CPU
		{150ABDF7-96C4-4445-98A0-118071136801}.Release|Any CPU.Build.0 = Release|Any CPU
		{BB9A614A-166F-4C47-861A-E1B10DD3E0AD}.Debug|Any CPU.ActiveCfg = Debug|Any CPU
		{BB9A614A-166F-4C47-861A-E1B10DD3E0AD}.Debug|Any CPU.Build.0 = Debug|Any CPU
		{BB9A614A-166F-4C47-861A-E1B10DD3E0AD}.Release|Any CPU.ActiveCfg = Release|Any CPU
		{BB9A614A-166F-4C47-861A-E1B10DD3E0AD}.Release|Any CPU.Build.0 = Release|Any CPU
		{88964552-1098-447D-80D8-BD52244F72F4}.Debug|Any CPU.ActiveCfg = Debug|Any CPU
		{88964552-1098-447D-80D8-BD52244F72F4}.Debug|Any CPU.Build.0 = Debug|Any CPU
		{88964552-1098-447D-80D8-BD52244F72F4}.Release|Any CPU.ActiveCfg = Release|Any CPU
		{88964552-1098-447D-80D8-BD52244F72F4}.Release|Any CPU.Build.0 = Release|Any CPU
		{5DADD07B-5DD7-414C-9B1B-D316B56E4A6B}.Debug|Any CPU.ActiveCfg = Debug|Any CPU
		{5DADD07B-5DD7-414C-9B1B-D316B56E4A6B}.Debug|Any CPU.Build.0 = Debug|Any CPU
		{5DADD07B-5DD7-414C-9B1B-D316B56E4A6B}.Release|Any CPU.ActiveCfg = Release|Any CPU
		{5DADD07B-5DD7-414C-9B1B-D316B56E4A6B}.Release|Any CPU.Build.0 = Release|Any CPU
		{31AE2C65-15E8-4436-BEF4-37D109AFA327}.Debug|Any CPU.ActiveCfg = Debug|Any CPU
		{31AE2C65-15E8-4436-BEF4-37D109AFA327}.Debug|Any CPU.Build.0 = Debug|Any CPU
		{31AE2C65-15E8-4436-BEF4-37D109AFA327}.Release|Any CPU.ActiveCfg = Release|Any CPU
		{31AE2C65-15E8-4436-BEF4-37D109AFA327}.Release|Any CPU.Build.0 = Release|Any CPU
		{93F2C49C-F2C2-4CB3-AD21-7D1919CE2F5A}.Debug|Any CPU.ActiveCfg = Debug|Any CPU
		{93F2C49C-F2C2-4CB3-AD21-7D1919CE2F5A}.Debug|Any CPU.Build.0 = Debug|Any CPU
		{93F2C49C-F2C2-4CB3-AD21-7D1919CE2F5A}.Release|Any CPU.ActiveCfg = Release|Any CPU
		{93F2C49C-F2C2-4CB3-AD21-7D1919CE2F5A}.Release|Any CPU.Build.0 = Release|Any CPU
	EndGlobalSection
	GlobalSection(NestedProjects) = preSolution
		{EE1BC4CA-7FB4-4BD9-AA3D-86EFBD72461D} = {C6B22923-2D13-4000-A97B-D48A55CC57B3}
		{150ABDF7-96C4-4445-98A0-118071136801} = {C6B22923-2D13-4000-A97B-D48A55CC57B3}
		{BB9A614A-166F-4C47-861A-E1B10DD3E0AD} = {C6B22923-2D13-4000-A97B-D48A55CC57B3}
		{88964552-1098-447D-80D8-BD52244F72F4} = {7298DB66-56B0-42A0-88F8-7001A68E0B0A}
		{5D94F551-09C9-4049-80FF-83EAD9E3F170} = {B1D4D371-E3BB-4B68-91C7-75C2A8FCC9C9}
		{5DADD07B-5DD7-414C-9B1B-D316B56E4A6B} = {C6B22923-2D13-4000-A97B-D48A55CC57B3}
		{31AE2C65-15E8-4436-BEF4-37D109AFA327} = {C6B22923-2D13-4000-A97B-D48A55CC57B3}
		{93F2C49C-F2C2-4CB3-AD21-7D1919CE2F5A} = {C6B22923-2D13-4000-A97B-D48A55CC57B3}
	EndGlobalSection
EndGlobal
